
Microsoft Visual Studio Solution File, Format Version 12.00
# Visual Studio Version 16
VisualStudioVersion = 16.0.31624.102
MinimumVisualStudioVersion = 10.0.40219.1
Project("{FAE04EC0-301F-11D3-BF4B-00C04F79EFBC}") = "SpeachHelper", "SpeachHelper\SpeachHelper.csproj", "{D78D4630-9864-48C2-AB72-3693DB710327}"
EndProject
Project("{9A19103F-16F7-4668-BE54-9A1E7A4F7556}") = "SpeachHelper.UI", "SpeachHelper.UI\SpeachHelper.UI.csproj", "{BBFD6D3E-CBD5-45FB-B847-B413BAC40944}"
EndProject
Project("{FAE04EC0-301F-11D3-BF4B-00C04F79EFBC}") = "SpeachHelper.InputSimulation", "SpeachHelper.InputSimulation\SpeachHelper.InputSimulation.csproj", "{0950E6E6-8FAC-41BD-91AF-E5454065FF6C}"
EndProject
Project("{FAE04EC0-301F-11D3-BF4B-00C04F79EFBC}") = "SpeachHelper.Common", "SpeachHelper.Common\SpeachHelper.Common.csproj", "{86E98910-D08C-4B08-9AFD-25EEE1E74B97}"
EndProject
Global
	GlobalSection(SolutionConfigurationPlatforms) = preSolution
		Debug|Any CPU = Debug|Any CPU
		Debug|x64 = Debug|x64
		Release|Any CPU = Release|Any CPU
		Release|x64 = Release|x64
	EndGlobalSection
	GlobalSection(ProjectConfigurationPlatforms) = postSolution
		{D78D4630-9864-48C2-AB72-3693DB710327}.Debug|Any CPU.ActiveCfg = Debug|Any CPU
		{D78D4630-9864-48C2-AB72-3693DB710327}.Debug|Any CPU.Build.0 = Debug|Any CPU
		{D78D4630-9864-48C2-AB72-3693DB710327}.Debug|x64.ActiveCfg = Debug|x64
		{D78D4630-9864-48C2-AB72-3693DB710327}.Debug|x64.Build.0 = Debug|x64
		{D78D4630-9864-48C2-AB72-3693DB710327}.Release|Any CPU.ActiveCfg = Release|Any CPU
		{D78D4630-9864-48C2-AB72-3693DB710327}.Release|Any CPU.Build.0 = Release|Any CPU
		{D78D4630-9864-48C2-AB72-3693DB710327}.Release|x64.ActiveCfg = Release|x64
		{D78D4630-9864-48C2-AB72-3693DB710327}.Release|x64.Build.0 = Release|x64
		{BBFD6D3E-CBD5-45FB-B847-B413BAC40944}.Debug|Any CPU.ActiveCfg = Debug|Any CPU
		{BBFD6D3E-CBD5-45FB-B847-B413BAC40944}.Debug|Any CPU.Build.0 = Debug|Any CPU
		{BBFD6D3E-CBD5-45FB-B847-B413BAC40944}.Debug|x64.ActiveCfg = Debug|Any CPU
		{BBFD6D3E-CBD5-45FB-B847-B413BAC40944}.Debug|x64.Build.0 = Debug|Any CPU
		{BBFD6D3E-CBD5-45FB-B847-B413BAC40944}.Release|Any CPU.ActiveCfg = Release|Any CPU
		{BBFD6D3E-CBD5-45FB-B847-B413BAC40944}.Release|Any CPU.Build.0 = Release|Any CPU
		{BBFD6D3E-CBD5-45FB-B847-B413BAC40944}.Release|x64.ActiveCfg = Release|Any CPU
		{BBFD6D3E-CBD5-45FB-B847-B413BAC40944}.Release|x64.Build.0 = Release|Any CPU
		{0950E6E6-8FAC-41BD-91AF-E5454065FF6C}.Debug|Any CPU.ActiveCfg = Debug|Any CPU
		{0950E6E6-8FAC-41BD-91AF-E5454065FF6C}.Debug|Any CPU.Build.0 = Debug|Any CPU
		{0950E6E6-8FAC-41BD-91AF-E5454065FF6C}.Debug|x64.ActiveCfg = Debug|Any CPU
		{0950E6E6-8FAC-41BD-91AF-E5454065FF6C}.Debug|x64.Build.0 = Debug|Any CPU
		{0950E6E6-8FAC-41BD-91AF-E5454065FF6C}.Release|Any CPU.ActiveCfg = Release|Any CPU
		{0950E6E6-8FAC-41BD-91AF-E5454065FF6C}.Release|Any CPU.Build.0 = Release|Any CPU
		{0950E6E6-8FAC-41BD-91AF-E5454065FF6C}.Release|x64.ActiveCfg = Release|Any CPU
		{0950E6E6-8FAC-41BD-91AF-E5454065FF6C}.Release|x64.Build.0 = Release|Any CPU
		{86E98910-D08C-4B08-9AFD-25EEE1E74B97}.Debug|Any CPU.ActiveCfg = Debug|Any CPU
		{86E98910-D08C-4B08-9AFD-25EEE1E74B97}.Debug|Any CPU.Build.0 = Debug|Any CPU
		{86E98910-D08C-4B08-9AFD-25EEE1E74B97}.Debug|x64.ActiveCfg = Debug|Any CPU
		{86E98910-D08C-4B08-9AFD-25EEE1E74B97}.Debug|x64.Build.0 = Debug|Any CPU
		{86E98910-D08C-4B08-9AFD-25EEE1E74B97}.Release|Any CPU.ActiveCfg = Release|Any CPU
		{86E98910-D08C-4B08-9AFD-25EEE1E74B97}.Release|Any CPU.Build.0 = Release|Any CPU
		{86E98910-D08C-4B08-9AFD-25EEE1E74B97}.Release|x64.ActiveCfg = Release|Any CPU
		{86E98910-D08C-4B08-9AFD-25EEE1E74B97}.Release|x64.Build.0 = Release|Any CPU
	EndGlobalSection
	GlobalSection(SolutionProperties) = preSolution
		HideSolutionNode = FALSE
	EndGlobalSection
	GlobalSection(ExtensibilityGlobals) = postSolution
		SolutionGuid = {69DB3A17-31BA-4D4E-9C79-777E5FEBE254}
	EndGlobalSection
EndGlobal
