
Microsoft Visual Studio Solution File, Format Version 12.00
# Visual Studio Version 16
VisualStudioVersion = 16.0.31624.102
MinimumVisualStudioVersion = 10.0.40219.1
Project("{FAE04EC0-301F-11D3-BF4B-00C04F79EFBC}") = "SpeachHelper", "SpeachHelper\SpeachHelper.csproj", "{D78D4630-9864-48C2-AB72-3693DB710327}"
EndProject
Project("{FAE04EC0-301F-11D3-BF4B-00C04F79EFBC}") = "SpeachHelper.InputSimulation", "SpeachHelper.InputSimulation\SpeachHelper.InputSimulation.csproj", "{0950E6E6-8FAC-41BD-91AF-E5454065FF6C}"
EndProject
Project("{2150E333-8FDC-42A3-9474-1A3956D46DE8}") = "Presentation", "Presentation", "{54C7F63A-73BB-43EC-9885-13B85C089785}"
EndProject
Project("{2150E333-8FDC-42A3-9474-1A3956D46DE8}") = "Core", "Core", "{D6450A2C-381B-4496-B046-6D81A9706287}"
EndProject
Project("{2150E333-8FDC-42A3-9474-1A3956D46DE8}") = "Persistance", "Persistance", "{399B44FC-A7DA-4DF5-B666-2FCCC6F14F6F}"
EndProject
Project("{FAE04EC0-301F-11D3-BF4B-00C04F79EFBC}") = "SpeachHelper.Persistence", "SpeachHelper.Persistence\SpeachHelper.Persistence.csproj", "{D64B5EC5-2540-463C-A8DF-7A9F0F4B2833}"
EndProject
Project("{FAE04EC0-301F-11D3-BF4B-00C04F79EFBC}") = "SpeachHelper.Domain", "SpeachHelper.Domain\SpeachHelper.Domain.csproj", "{6A3FCB7C-296E-41E3-B2BE-385D3A6BA8D8}"
EndProject
Project("{FAE04EC0-301F-11D3-BF4B-00C04F79EFBC}") = "SpeachHelper.Application", "SpeachHelper.Application\SpeachHelper.Application.csproj", "{737E8213-B8BD-4272-9FB6-5A89469EE7E2}"
EndProject
Project("{FAE04EC0-301F-11D3-BF4B-00C04F79EFBC}") = "SpeachHelper.Infrastructure", "SpeachHelper.Infrastructure\SpeachHelper.Infrastructure.csproj", "{891BD5EF-7588-4440-BAF7-743892B2413E}"
EndProject
Project("{2150E333-8FDC-42A3-9474-1A3956D46DE8}") = "Solution Items", "Solution Items", "{F3738E84-ED9C-4C25-806E-D0F5D148D78C}"
	ProjectSection(SolutionItems) = preProject
		.editorconfig = .editorconfig
	EndProjectSection
EndProject
Global
	GlobalSection(SolutionConfigurationPlatforms) = preSolution
		Debug|Any CPU = Debug|Any CPU
		Debug|x64 = Debug|x64
		Debug|x86 = Debug|x86
		Release|Any CPU = Release|Any CPU
		Release|x64 = Release|x64
		Release|x86 = Release|x86
	EndGlobalSection
	GlobalSection(ProjectConfigurationPlatforms) = postSolution
		{D78D4630-9864-48C2-AB72-3693DB710327}.Debug|Any CPU.ActiveCfg = Debug|Any CPU
		{D78D4630-9864-48C2-AB72-3693DB710327}.Debug|Any CPU.Build.0 = Debug|Any CPU
		{D78D4630-9864-48C2-AB72-3693DB710327}.Debug|x64.ActiveCfg = Debug|x64
		{D78D4630-9864-48C2-AB72-3693DB710327}.Debug|x64.Build.0 = Debug|x64
		{D78D4630-9864-48C2-AB72-3693DB710327}.Debug|x86.ActiveCfg = Debug|x86
		{D78D4630-9864-48C2-AB72-3693DB710327}.Debug|x86.Build.0 = Debug|x86
		{D78D4630-9864-48C2-AB72-3693DB710327}.Release|Any CPU.ActiveCfg = Release|Any CPU
		{D78D4630-9864-48C2-AB72-3693DB710327}.Release|Any CPU.Build.0 = Release|Any CPU
		{D78D4630-9864-48C2-AB72-3693DB710327}.Release|x64.ActiveCfg = Release|x64
		{D78D4630-9864-48C2-AB72-3693DB710327}.Release|x64.Build.0 = Release|x64
		{D78D4630-9864-48C2-AB72-3693DB710327}.Release|x86.ActiveCfg = Release|x86
		{D78D4630-9864-48C2-AB72-3693DB710327}.Release|x86.Build.0 = Release|x86
		{0950E6E6-8FAC-41BD-91AF-E5454065FF6C}.Debug|Any CPU.ActiveCfg = Debug|Any CPU
		{0950E6E6-8FAC-41BD-91AF-E5454065FF6C}.Debug|Any CPU.Build.0 = Debug|Any CPU
		{0950E6E6-8FAC-41BD-91AF-E5454065FF6C}.Debug|x64.ActiveCfg = Debug|Any CPU
		{0950E6E6-8FAC-41BD-91AF-E5454065FF6C}.Debug|x64.Build.0 = Debug|Any CPU
		{0950E6E6-8FAC-41BD-91AF-E5454065FF6C}.Debug|x86.ActiveCfg = Debug|Any CPU
		{0950E6E6-8FAC-41BD-91AF-E5454065FF6C}.Debug|x86.Build.0 = Debug|Any CPU
		{0950E6E6-8FAC-41BD-91AF-E5454065FF6C}.Release|Any CPU.ActiveCfg = Release|Any CPU
		{0950E6E6-8FAC-41BD-91AF-E5454065FF6C}.Release|Any CPU.Build.0 = Release|Any CPU
		{0950E6E6-8FAC-41BD-91AF-E5454065FF6C}.Release|x64.ActiveCfg = Release|Any CPU
		{0950E6E6-8FAC-41BD-91AF-E5454065FF6C}.Release|x64.Build.0 = Release|Any CPU
		{0950E6E6-8FAC-41BD-91AF-E5454065FF6C}.Release|x86.ActiveCfg = Release|Any CPU
		{0950E6E6-8FAC-41BD-91AF-E5454065FF6C}.Release|x86.Build.0 = Release|Any CPU
		{D64B5EC5-2540-463C-A8DF-7A9F0F4B2833}.Debug|Any CPU.ActiveCfg = Debug|Any CPU
		{D64B5EC5-2540-463C-A8DF-7A9F0F4B2833}.Debug|Any CPU.Build.0 = Debug|Any CPU
		{D64B5EC5-2540-463C-A8DF-7A9F0F4B2833}.Debug|x64.ActiveCfg = Debug|Any CPU
		{D64B5EC5-2540-463C-A8DF-7A9F0F4B2833}.Debug|x64.Build.0 = Debug|Any CPU
		{D64B5EC5-2540-463C-A8DF-7A9F0F4B2833}.Debug|x86.ActiveCfg = Debug|Any CPU
		{D64B5EC5-2540-463C-A8DF-7A9F0F4B2833}.Debug|x86.Build.0 = Debug|Any CPU
		{D64B5EC5-2540-463C-A8DF-7A9F0F4B2833}.Release|Any CPU.ActiveCfg = Release|Any CPU
		{D64B5EC5-2540-463C-A8DF-7A9F0F4B2833}.Release|Any CPU.Build.0 = Release|Any CPU
		{D64B5EC5-2540-463C-A8DF-7A9F0F4B2833}.Release|x64.ActiveCfg = Release|Any CPU
		{D64B5EC5-2540-463C-A8DF-7A9F0F4B2833}.Release|x64.Build.0 = Release|Any CPU
		{D64B5EC5-2540-463C-A8DF-7A9F0F4B2833}.Release|x86.ActiveCfg = Release|Any CPU
		{D64B5EC5-2540-463C-A8DF-7A9F0F4B2833}.Release|x86.Build.0 = Release|Any CPU
		{6A3FCB7C-296E-41E3-B2BE-385D3A6BA8D8}.Debug|Any CPU.ActiveCfg = Debug|Any CPU
		{6A3FCB7C-296E-41E3-B2BE-385D3A6BA8D8}.Debug|Any CPU.Build.0 = Debug|Any CPU
		{6A3FCB7C-296E-41E3-B2BE-385D3A6BA8D8}.Debug|x64.ActiveCfg = Debug|Any CPU
		{6A3FCB7C-296E-41E3-B2BE-385D3A6BA8D8}.Debug|x64.Build.0 = Debug|Any CPU
		{6A3FCB7C-296E-41E3-B2BE-385D3A6BA8D8}.Debug|x86.ActiveCfg = Debug|Any CPU
		{6A3FCB7C-296E-41E3-B2BE-385D3A6BA8D8}.Debug|x86.Build.0 = Debug|Any CPU
		{6A3FCB7C-296E-41E3-B2BE-385D3A6BA8D8}.Release|Any CPU.ActiveCfg = Release|Any CPU
		{6A3FCB7C-296E-41E3-B2BE-385D3A6BA8D8}.Release|Any CPU.Build.0 = Release|Any CPU
		{6A3FCB7C-296E-41E3-B2BE-385D3A6BA8D8}.Release|x64.ActiveCfg = Release|Any CPU
		{6A3FCB7C-296E-41E3-B2BE-385D3A6BA8D8}.Release|x64.Build.0 = Release|Any CPU
		{6A3FCB7C-296E-41E3-B2BE-385D3A6BA8D8}.Release|x86.ActiveCfg = Release|Any CPU
		{6A3FCB7C-296E-41E3-B2BE-385D3A6BA8D8}.Release|x86.Build.0 = Release|Any CPU
		{737E8213-B8BD-4272-9FB6-5A89469EE7E2}.Debug|Any CPU.ActiveCfg = Debug|Any CPU
		{737E8213-B8BD-4272-9FB6-5A89469EE7E2}.Debug|Any CPU.Build.0 = Debug|Any CPU
		{737E8213-B8BD-4272-9FB6-5A89469EE7E2}.Debug|x64.ActiveCfg = Debug|Any CPU
		{737E8213-B8BD-4272-9FB6-5A89469EE7E2}.Debug|x64.Build.0 = Debug|Any CPU
		{737E8213-B8BD-4272-9FB6-5A89469EE7E2}.Debug|x86.ActiveCfg = Debug|Any CPU
		{737E8213-B8BD-4272-9FB6-5A89469EE7E2}.Debug|x86.Build.0 = Debug|Any CPU
		{737E8213-B8BD-4272-9FB6-5A89469EE7E2}.Release|Any CPU.ActiveCfg = Release|Any CPU
		{737E8213-B8BD-4272-9FB6-5A89469EE7E2}.Release|Any CPU.Build.0 = Release|Any CPU
		{737E8213-B8BD-4272-9FB6-5A89469EE7E2}.Release|x64.ActiveCfg = Release|Any CPU
		{737E8213-B8BD-4272-9FB6-5A89469EE7E2}.Release|x64.Build.0 = Release|Any CPU
		{737E8213-B8BD-4272-9FB6-5A89469EE7E2}.Release|x86.ActiveCfg = Release|Any CPU
		{737E8213-B8BD-4272-9FB6-5A89469EE7E2}.Release|x86.Build.0 = Release|Any CPU
		{891BD5EF-7588-4440-BAF7-743892B2413E}.Debug|Any CPU.ActiveCfg = Debug|Any CPU
		{891BD5EF-7588-4440-BAF7-743892B2413E}.Debug|Any CPU.Build.0 = Debug|Any CPU
		{891BD5EF-7588-4440-BAF7-743892B2413E}.Debug|x64.ActiveCfg = Debug|Any CPU
		{891BD5EF-7588-4440-BAF7-743892B2413E}.Debug|x64.Build.0 = Debug|Any CPU
		{891BD5EF-7588-4440-BAF7-743892B2413E}.Debug|x86.ActiveCfg = Debug|Any CPU
		{891BD5EF-7588-4440-BAF7-743892B2413E}.Debug|x86.Build.0 = Debug|Any CPU
		{891BD5EF-7588-4440-BAF7-743892B2413E}.Release|Any CPU.ActiveCfg = Release|Any CPU
		{891BD5EF-7588-4440-BAF7-743892B2413E}.Release|Any CPU.Build.0 = Release|Any CPU
		{891BD5EF-7588-4440-BAF7-743892B2413E}.Release|x64.ActiveCfg = Release|Any CPU
		{891BD5EF-7588-4440-BAF7-743892B2413E}.Release|x64.Build.0 = Release|Any CPU
		{891BD5EF-7588-4440-BAF7-743892B2413E}.Release|x86.ActiveCfg = Release|Any CPU
		{891BD5EF-7588-4440-BAF7-743892B2413E}.Release|x86.Build.0 = Release|Any CPU
	EndGlobalSection
	GlobalSection(SolutionProperties) = preSolution
		HideSolutionNode = FALSE
	EndGlobalSection
	GlobalSection(NestedProjects) = preSolution
		{D78D4630-9864-48C2-AB72-3693DB710327} = {54C7F63A-73BB-43EC-9885-13B85C089785}
		{0950E6E6-8FAC-41BD-91AF-E5454065FF6C} = {D6450A2C-381B-4496-B046-6D81A9706287}
		{D64B5EC5-2540-463C-A8DF-7A9F0F4B2833} = {399B44FC-A7DA-4DF5-B666-2FCCC6F14F6F}
		{6A3FCB7C-296E-41E3-B2BE-385D3A6BA8D8} = {D6450A2C-381B-4496-B046-6D81A9706287}
		{737E8213-B8BD-4272-9FB6-5A89469EE7E2} = {D6450A2C-381B-4496-B046-6D81A9706287}
		{891BD5EF-7588-4440-BAF7-743892B2413E} = {D6450A2C-381B-4496-B046-6D81A9706287}
	EndGlobalSection
	GlobalSection(ExtensibilityGlobals) = postSolution
		SolutionGuid = {69DB3A17-31BA-4D4E-9C79-777E5FEBE254}
	EndGlobalSection
EndGlobal
